
Microsoft Visual Studio Solution File, Format Version 12.00
# Visual Studio Version 16
VisualStudioVersion = 16.0.29613.14
MinimumVisualStudioVersion = 10.0.40219.1
Project("{9A19103F-16F7-4668-BE54-9A1E7A4F7556}") = "DAL", "DAL\DAL.csproj", "{F1E711F8-7F34-48AE-9F10-FA6C0826855B}"
EndProject
Project("{9A19103F-16F7-4668-BE54-9A1E7A4F7556}") = "App", "App\App.csproj", "{4AD7FBFC-59D5-43BA-A086-E624042A6F68}"
EndProject
Project("{FAE04EC0-301F-11D3-BF4B-00C04F79EFBC}") = "Web", "Web\Web.csproj", "{DEB20594-AD39-4711-88B9-0343D42AB6DB}"
EndProject
Global
	GlobalSection(SolutionConfigurationPlatforms) = preSolution
		Debug|Any CPU = Debug|Any CPU
		Release|Any CPU = Release|Any CPU
	EndGlobalSection
	GlobalSection(ProjectConfigurationPlatforms) = postSolution
		{F1E711F8-7F34-48AE-9F10-FA6C0826855B}.Debug|Any CPU.ActiveCfg = Debug|Any CPU
		{F1E711F8-7F34-48AE-9F10-FA6C0826855B}.Debug|Any CPU.Build.0 = Debug|Any CPU
		{F1E711F8-7F34-48AE-9F10-FA6C0826855B}.Release|Any CPU.ActiveCfg = Release|Any CPU
		{F1E711F8-7F34-48AE-9F10-FA6C0826855B}.Release|Any CPU.Build.0 = Release|Any CPU
		{4AD7FBFC-59D5-43BA-A086-E624042A6F68}.Debug|Any CPU.ActiveCfg = Debug|Any CPU
		{4AD7FBFC-59D5-43BA-A086-E624042A6F68}.Debug|Any CPU.Build.0 = Debug|Any CPU
		{4AD7FBFC-59D5-43BA-A086-E624042A6F68}.Release|Any CPU.ActiveCfg = Release|Any CPU
		{4AD7FBFC-59D5-43BA-A086-E624042A6F68}.Release|Any CPU.Build.0 = Release|Any CPU
		{DEB20594-AD39-4711-88B9-0343D42AB6DB}.Debug|Any CPU.ActiveCfg = Debug|Any CPU
		{DEB20594-AD39-4711-88B9-0343D42AB6DB}.Debug|Any CPU.Build.0 = Debug|Any CPU
		{DEB20594-AD39-4711-88B9-0343D42AB6DB}.Release|Any CPU.ActiveCfg = Release|Any CPU
		{DEB20594-AD39-4711-88B9-0343D42AB6DB}.Release|Any CPU.Build.0 = Release|Any CPU
	EndGlobalSection
	GlobalSection(SolutionProperties) = preSolution
		HideSolutionNode = FALSE
	EndGlobalSection
	GlobalSection(ExtensibilityGlobals) = postSolution
		SolutionGuid = {3B1C05F3-B481-451A-A41E-5CDDAED09A75}
	EndGlobalSection
EndGlobal
