
Microsoft Visual Studio Solution File, Format Version 12.00
# Visual Studio Version 16
VisualStudioVersion = 16.0.29613.14
MinimumVisualStudioVersion = 10.0.40219.1
Project("{FAE04EC0-301F-11D3-BF4B-00C04F79EFBC}") = "DAL", "DAL\DAL.csproj", "{F1E711F8-7F34-48AE-9F10-FA6C0826855B}"
EndProject
Project("{FAE04EC0-301F-11D3-BF4B-00C04F79EFBC}") = "Web", "Web\Web.csproj", "{2098625A-3F20-4650-B309-3DE56472F539}"
EndProject
Global
	GlobalSection(SolutionConfigurationPlatforms) = preSolution
		Debug|Any CPU = Debug|Any CPU
		Release|Any CPU = Release|Any CPU
	EndGlobalSection
	GlobalSection(ProjectConfigurationPlatforms) = postSolution
		{F1E711F8-7F34-48AE-9F10-FA6C0826855B}.Debug|Any CPU.ActiveCfg = Debug|Any CPU
		{F1E711F8-7F34-48AE-9F10-FA6C0826855B}.Debug|Any CPU.Build.0 = Debug|Any CPU
		{F1E711F8-7F34-48AE-9F10-FA6C0826855B}.Release|Any CPU.ActiveCfg = Release|Any CPU
		{F1E711F8-7F34-48AE-9F10-FA6C0826855B}.Release|Any CPU.Build.0 = Release|Any CPU
		{2098625A-3F20-4650-B309-3DE56472F539}.Debug|Any CPU.ActiveCfg = Debug|Any CPU
		{2098625A-3F20-4650-B309-3DE56472F539}.Debug|Any CPU.Build.0 = Debug|Any CPU
		{2098625A-3F20-4650-B309-3DE56472F539}.Release|Any CPU.ActiveCfg = Release|Any CPU
		{2098625A-3F20-4650-B309-3DE56472F539}.Release|Any CPU.Build.0 = Release|Any CPU
	EndGlobalSection
	GlobalSection(SolutionProperties) = preSolution
		HideSolutionNode = FALSE
	EndGlobalSection
	GlobalSection(ExtensibilityGlobals) = postSolution
		SolutionGuid = {3B1C05F3-B481-451A-A41E-5CDDAED09A75}
	EndGlobalSection
EndGlobal
